// !$*UTF8*$!
{
	archiveVersion = 1;
	classes = {
	};
	objectVersion = 50;
	objects = {

/* Begin PBXBuildFile section */
		FC085CD32466F249008381B3 /* AppDelegate.swift in Sources */ = {isa = PBXBuildFile; fileRef = FC085CD22466F249008381B3 /* AppDelegate.swift */; };
		FC085CD52466F249008381B3 /* SceneDelegate.swift in Sources */ = {isa = PBXBuildFile; fileRef = FC085CD42466F249008381B3 /* SceneDelegate.swift */; };
		FC085CD72466F249008381B3 /* ViewController.swift in Sources */ = {isa = PBXBuildFile; fileRef = FC085CD62466F249008381B3 /* ViewController.swift */; };
		FC085CDA2466F249008381B3 /* Main.storyboard in Resources */ = {isa = PBXBuildFile; fileRef = FC085CD82466F249008381B3 /* Main.storyboard */; };
		FC085CDC2466F24C008381B3 /* Assets.xcassets in Resources */ = {isa = PBXBuildFile; fileRef = FC085CDB2466F24C008381B3 /* Assets.xcassets */; };
		FC085CDF2466F24C008381B3 /* LaunchScreen.storyboard in Resources */ = {isa = PBXBuildFile; fileRef = FC085CDD2466F24C008381B3 /* LaunchScreen.storyboard */; };
		FC085CE724672020008381B3 /* BioMetricManager.swift in Sources */ = {isa = PBXBuildFile; fileRef = FC085CE624672020008381B3 /* BioMetricManager.swift */; };
/* End PBXBuildFile section */

/* Begin PBXFileReference section */
		FC085CCF2466F249008381B3 /* bio-metric-authentication.app */ = {isa = PBXFileReference; explicitFileType = wrapper.application; includeInIndex = 0; path = "bio-metric-authentication.app"; sourceTree = BUILT_PRODUCTS_DIR; };
		FC085CD22466F249008381B3 /* AppDelegate.swift */ = {isa = PBXFileReference; lastKnownFileType = sourcecode.swift; path = AppDelegate.swift; sourceTree = "<group>"; };
		FC085CD42466F249008381B3 /* SceneDelegate.swift */ = {isa = PBXFileReference; lastKnownFileType = sourcecode.swift; path = SceneDelegate.swift; sourceTree = "<group>"; };
		FC085CD62466F249008381B3 /* ViewController.swift */ = {isa = PBXFileReference; lastKnownFileType = sourcecode.swift; path = ViewController.swift; sourceTree = "<group>"; };
		FC085CD92466F249008381B3 /* Base */ = {isa = PBXFileReference; lastKnownFileType = file.storyboard; name = Base; path = Base.lproj/Main.storyboard; sourceTree = "<group>"; };
		FC085CDB2466F24C008381B3 /* Assets.xcassets */ = {isa = PBXFileReference; lastKnownFileType = folder.assetcatalog; path = Assets.xcassets; sourceTree = "<group>"; };
		FC085CDE2466F24C008381B3 /* Base */ = {isa = PBXFileReference; lastKnownFileType = file.storyboard; name = Base; path = Base.lproj/LaunchScreen.storyboard; sourceTree = "<group>"; };
		FC085CE02466F24C008381B3 /* Info.plist */ = {isa = PBXFileReference; lastKnownFileType = text.plist.xml; path = Info.plist; sourceTree = "<group>"; };
		FC085CE624672020008381B3 /* BioMetricManager.swift */ = {isa = PBXFileReference; lastKnownFileType = sourcecode.swift; path = BioMetricManager.swift; sourceTree = "<group>"; };
/* End PBXFileReference section */

/* Begin PBXFrameworksBuildPhase section */
		FC085CCC2466F249008381B3 /* Frameworks */ = {
			isa = PBXFrameworksBuildPhase;
			buildActionMask = 2147483647;
			files = (
			);
			runOnlyForDeploymentPostprocessing = 0;
		};
/* End PBXFrameworksBuildPhase section */

/* Begin PBXGroup section */
		FC085CC62466F249008381B3 = {
			isa = PBXGroup;
			children = (
				FC085CD12466F249008381B3 /* bio-metric-authentication */,
				FC085CD02466F249008381B3 /* Products */,
			);
			sourceTree = "<group>";
		};
		FC085CD02466F249008381B3 /* Products */ = {
			isa = PBXGroup;
			children = (
				FC085CCF2466F249008381B3 /* bio-metric-authentication.app */,
			);
			name = Products;
			sourceTree = "<group>";
		};
		FC085CD12466F249008381B3 /* bio-metric-authentication */ = {
			isa = PBXGroup;
			children = (
				FC085CD22466F249008381B3 /* AppDelegate.swift */,
				FC085CD42466F249008381B3 /* SceneDelegate.swift */,
				FC085CD62466F249008381B3 /* ViewController.swift */,
				FC085CE624672020008381B3 /* BioMetricManager.swift */,
				FC085CD82466F249008381B3 /* Main.storyboard */,
				FC085CDB2466F24C008381B3 /* Assets.xcassets */,
				FC085CDD2466F24C008381B3 /* LaunchScreen.storyboard */,
				FC085CE02466F24C008381B3 /* Info.plist */,
			);
			path = "bio-metric-authentication";
			sourceTree = "<group>";
		};
/* End PBXGroup section */

/* Begin PBXNativeTarget section */
		FC085CCE2466F249008381B3 /* bio-metric-authentication */ = {
			isa = PBXNativeTarget;
			buildConfigurationList = FC085CE32466F24C008381B3 /* Build configuration list for PBXNativeTarget "bio-metric-authentication" */;
			buildPhases = (
				FC085CCB2466F249008381B3 /* Sources */,
				FC085CCC2466F249008381B3 /* Frameworks */,
				FC085CCD2466F249008381B3 /* Resources */,
			);
			buildRules = (
			);
			dependencies = (
			);
			name = "bio-metric-authentication";
			productName = "bio-metric-authentication";
			productReference = FC085CCF2466F249008381B3 /* bio-metric-authentication.app */;
			productType = "com.apple.product-type.application";
		};
/* End PBXNativeTarget section */

/* Begin PBXProject section */
		FC085CC72466F249008381B3 /* Project object */ = {
			isa = PBXProject;
			attributes = {
				LastSwiftUpdateCheck = 1130;
				LastUpgradeCheck = 1130;
				ORGANIZATIONNAME = "Yoeun Samrith";
				TargetAttributes = {
					FC085CCE2466F249008381B3 = {
						CreatedOnToolsVersion = 11.3.1;
					};
				};
			};
			buildConfigurationList = FC085CCA2466F249008381B3 /* Build configuration list for PBXProject "bio-metric-authentication" */;
			compatibilityVersion = "Xcode 9.3";
			developmentRegion = en;
			hasScannedForEncodings = 0;
			knownRegions = (
				en,
				Base,
			);
			mainGroup = FC085CC62466F249008381B3;
			productRefGroup = FC085CD02466F249008381B3 /* Products */;
			projectDirPath = "";
			projectRoot = "";
			targets = (
				FC085CCE2466F249008381B3 /* bio-metric-authentication */,
			);
		};
/* End PBXProject section */

/* Begin PBXResourcesBuildPhase section */
		FC085CCD2466F249008381B3 /* Resources */ = {
			isa = PBXResourcesBuildPhase;
			buildActionMask = 2147483647;
			files = (
				FC085CDF2466F24C008381B3 /* LaunchScreen.storyboard in Resources */,
				FC085CDC2466F24C008381B3 /* Assets.xcassets in Resources */,
				FC085CDA2466F249008381B3 /* Main.storyboard in Resources */,
			);
			runOnlyForDeploymentPostprocessing = 0;
		};
/* End PBXResourcesBuildPhase section */

/* Begin PBXSourcesBuildPhase section */
		FC085CCB2466F249008381B3 /* Sources */ = {
			isa = PBXSourcesBuildPhase;
			buildActionMask = 2147483647;
			files = (
				FC085CD72466F249008381B3 /* ViewController.swift in Sources */,
				FC085CD32466F249008381B3 /* AppDelegate.swift in Sources */,
				FC085CE724672020008381B3 /* BioMetricManager.swift in Sources */,
				FC085CD52466F249008381B3 /* SceneDelegate.swift in Sources */,
			);
			runOnlyForDeploymentPostprocessing = 0;
		};
/* End PBXSourcesBuildPhase section */

/* Begin PBXVariantGroup section */
		FC085CD82466F249008381B3 /* Main.storyboard */ = {
			isa = PBXVariantGroup;
			children = (
				FC085CD92466F249008381B3 /* Base */,
			);
			name = Main.storyboard;
			sourceTree = "<group>";
		};
		FC085CDD2466F24C008381B3 /* LaunchScreen.storyboard */ = {
			isa = PBXVariantGroup;
			children = (
				FC085CDE2466F24C008381B3 /* Base */,
			);
			name = LaunchScreen.storyboard;
			sourceTree = "<group>";
		};
/* End PBXVariantGroup section */

/* Begin XCBuildConfiguration section */
		FC085CE12466F24C008381B3 /* Debug */ = {
			isa = XCBuildConfiguration;
			buildSettings = {
				ALWAYS_SEARCH_USER_PATHS = NO;
				CLANG_ANALYZER_NONNULL = YES;
				CLANG_ANALYZER_NUMBER_OBJECT_CONVERSION = YES_AGGRESSIVE;
				CLANG_CXX_LANGUAGE_STANDARD = "gnu++14";
				CLANG_CXX_LIBRARY = "libc++";
				CLANG_ENABLE_MODULES = YES;
				CLANG_ENABLE_OBJC_ARC = YES;
				CLANG_ENABLE_OBJC_WEAK = YES;
				CLANG_WARN_BLOCK_CAPTURE_AUTORELEASING = YES;
				CLANG_WARN_BOOL_CONVERSION = YES;
				CLANG_WARN_COMMA = YES;
				CLANG_WARN_CONSTANT_CONVERSION = YES;
				CLANG_WARN_DEPRECATED_OBJC_IMPLEMENTATIONS = YES;
				CLANG_WARN_DIRECT_OBJC_ISA_USAGE = YES_ERROR;
				CLANG_WARN_DOCUMENTATION_COMMENTS = YES;
				CLANG_WARN_EMPTY_BODY = YES;
				CLANG_WARN_ENUM_CONVERSION = YES;
				CLANG_WARN_INFINITE_RECURSION = YES;
				CLANG_WARN_INT_CONVERSION = YES;
				CLANG_WARN_NON_LITERAL_NULL_CONVERSION = YES;
				CLANG_WARN_OBJC_IMPLICIT_RETAIN_SELF = YES;
				CLANG_WARN_OBJC_LITERAL_CONVERSION = YES;
				CLANG_WARN_OBJC_ROOT_CLASS = YES_ERROR;
				CLANG_WARN_RANGE_LOOP_ANALYSIS = YES;
				CLANG_WARN_STRICT_PROTOTYPES = YES;
				CLANG_WARN_SUSPICIOUS_MOVE = YES;
				CLANG_WARN_UNGUARDED_AVAILABILITY = YES_AGGRESSIVE;
				CLANG_WARN_UNREACHABLE_CODE = YES;
				CLANG_WARN__DUPLICATE_METHOD_MATCH = YES;
				COPY_PHASE_STRIP = NO;
				DEBUG_INFORMATION_FORMAT = dwarf;
				ENABLE_STRICT_OBJC_MSGSEND = YES;
				ENABLE_TESTABILITY = YES;
				GCC_C_LANGUAGE_STANDARD = gnu11;
				GCC_DYNAMIC_NO_PIC = NO;
				GCC_NO_COMMON_BLOCKS = YES;
				GCC_OPTIMIZATION_LEVEL = 0;
				GCC_PREPROCESSOR_DEFINITIONS = (
					"DEBUG=1",
					"$(inherited)",
				);
				GCC_WARN_64_TO_32_BIT_CONVERSION = YES;
				GCC_WARN_ABOUT_RETURN_TYPE = YES_ERROR;
				GCC_WARN_UNDECLARED_SELECTOR = YES;
				GCC_WARN_UNINITIALIZED_AUTOS = YES_AGGRESSIVE;
				GCC_WARN_UNUSED_FUNCTION = YES;
				GCC_WARN_UNUSED_VARIABLE = YES;
				IPHONEOS_DEPLOYMENT_TARGET = 13.2;
				MTL_ENABLE_DEBUG_INFO = INCLUDE_SOURCE;
				MTL_FAST_MATH = YES;
				ONLY_ACTIVE_ARCH = YES;
				SDKROOT = iphoneos;
				SWIFT_ACTIVE_COMPILATION_CONDITIONS = DEBUG;
				SWIFT_OPTIMIZATION_LEVEL = "-Onone";
			};
			name = Debug;
		};
		FC085CE22466F24C008381B3 /* Release */ = {
			isa = XCBuildConfiguration;
			buildSettings = {
				ALWAYS_SEARCH_USER_PATHS = NO;
				CLANG_ANALYZER_NONNULL = YES;
				CLANG_ANALYZER_NUMBER_OBJECT_CONVERSION = YES_AGGRESSIVE;
				CLANG_CXX_LANGUAGE_STANDARD = "gnu++14";
				CLANG_CXX_LIBRARY = "libc++";
				CLANG_ENABLE_MODULES = YES;
				CLANG_ENABLE_OBJC_ARC = YES;
				CLANG_ENABLE_OBJC_WEAK = YES;
				CLANG_WARN_BLOCK_CAPTURE_AUTORELEASING = YES;
				CLANG_WARN_BOOL_CONVERSION = YES;
				CLANG_WARN_COMMA = YES;
				CLANG_WARN_CONSTANT_CONVERSION = YES;
				CLANG_WARN_DEPRECATED_OBJC_IMPLEMENTATIONS = YES;
				CLANG_WARN_DIRECT_OBJC_ISA_USAGE = YES_ERROR;
				CLANG_WARN_DOCUMENTATION_COMMENTS = YES;
				CLANG_WARN_EMPTY_BODY = YES;
				CLANG_WARN_ENUM_CONVERSION = YES;
				CLANG_WARN_INFINITE_RECURSION = YES;
				CLANG_WARN_INT_CONVERSION = YES;
				CLANG_WARN_NON_LITERAL_NULL_CONVERSION = YES;
				CLANG_WARN_OBJC_IMPLICIT_RETAIN_SELF = YES;
				CLANG_WARN_OBJC_LITERAL_CONVERSION = YES;
				CLANG_WARN_OBJC_ROOT_CLASS = YES_ERROR;
				CLANG_WARN_RANGE_LOOP_ANALYSIS = YES;
				CLANG_WARN_STRICT_PROTOTYPES = YES;
				CLANG_WARN_SUSPICIOUS_MOVE = YES;
				CLANG_WARN_UNGUARDED_AVAILABILITY = YES_AGGRESSIVE;
				CLANG_WARN_UNREACHABLE_CODE = YES;
				CLANG_WARN__DUPLICATE_METHOD_MATCH = YES;
				COPY_PHASE_STRIP = NO;
				DEBUG_INFORMATION_FORMAT = "dwarf-with-dsym";
				ENABLE_NS_ASSERTIONS = NO;
				ENABLE_STRICT_OBJC_MSGSEND = YES;
				GCC_C_LANGUAGE_STANDARD = gnu11;
				GCC_NO_COMMON_BLOCKS = YES;
				GCC_WARN_64_TO_32_BIT_CONVERSION = YES;
				GCC_WARN_ABOUT_RETURN_TYPE = YES_ERROR;
				GCC_WARN_UNDECLARED_SELECTOR = YES;
				GCC_WARN_UNINITIALIZED_AUTOS = YES_AGGRESSIVE;
				GCC_WARN_UNUSED_FUNCTION = YES;
				GCC_WARN_UNUSED_VARIABLE = YES;
				IPHONEOS_DEPLOYMENT_TARGET = 13.2;
				MTL_ENABLE_DEBUG_INFO = NO;
				MTL_FAST_MATH = YES;
				SDKROOT = iphoneos;
				SWIFT_COMPILATION_MODE = wholemodule;
				SWIFT_OPTIMIZATION_LEVEL = "-O";
				VALIDATE_PRODUCT = YES;
			};
			name = Release;
		};
		FC085CE42466F24C008381B3 /* Debug */ = {
			isa = XCBuildConfiguration;
			buildSettings = {
				ASSETCATALOG_COMPILER_APPICON_NAME = AppIcon;
				CODE_SIGN_STYLE = Automatic;
				DEVELOPMENT_TEAM = BF2NHF638X;
				INFOPLIST_FILE = "bio-metric-authentication/Info.plist";
				LD_RUNPATH_SEARCH_PATHS = (
					"$(inherited)",
					"@executable_path/Frameworks",
				);
				PRODUCT_BUNDLE_IDENTIFIER = "com.samrith.bio-metric-authentication";
				PRODUCT_NAME = "$(TARGET_NAME)";
				SWIFT_VERSION = 5.0;
				TARGETED_DEVICE_FAMILY = "1,2";
			};
			name = Debug;
		};
		FC085CE52466F24C008381B3 /* Release */ = {
			isa = XCBuildConfiguration;
			buildSettings = {
				ASSETCATALOG_COMPILER_APPICON_NAME = AppIcon;
				CODE_SIGN_STYLE = Automatic;
				DEVELOPMENT_TEAM = BF2NHF638X;
				INFOPLIST_FILE = "bio-metric-authentication/Info.plist";
				LD_RUNPATH_SEARCH_PATHS = (
					"$(inherited)",
					"@executable_path/Frameworks",
				);
				PRODUCT_BUNDLE_IDENTIFIER = "com.samrith.bio-metric-authentication";
				PRODUCT_NAME = "$(TARGET_NAME)";
				SWIFT_VERSION = 5.0;
				TARGETED_DEVICE_FAMILY = "1,2";
			};
			name = Release;
		};
/* End XCBuildConfiguration section */

/* Begin XCConfigurationList section */
		FC085CCA2466F249008381B3 /* Build configuration list for PBXProject "bio-metric-authentication" */ = {
			isa = XCConfigurationList;
			buildConfigurations = (
				FC085CE12466F24C008381B3 /* Debug */,
				FC085CE22466F24C008381B3 /* Release */,
			);
			defaultConfigurationIsVisible = 0;
			defaultConfigurationName = Release;
		};
		FC085CE32466F24C008381B3 /* Build configuration list for PBXNativeTarget "bio-metric-authentication" */ = {
			isa = XCConfigurationList;
			buildConfigurations = (
				FC085CE42466F24C008381B3 /* Debug */,
				FC085CE52466F24C008381B3 /* Release */,
			);
			defaultConfigurationIsVisible = 0;
			defaultConfigurationName = Release;
		};
/* End XCConfigurationList section */
	};
	rootObject = FC085CC72466F249008381B3 /* Project object */;
}
